// !$*UTF8*$!
{
	archiveVersion = 1;
	classes = {
	};
	objectVersion = 46;
	objects = {

/* Begin PBXBuildFile section */
		D86987231BDE58A400D012F9 /* CustomCells.m in Sources */ = {isa = PBXBuildFile; fileRef = D86987221BDE58A400D012F9 /* CustomCells.m */; settings = {ASSET_TAGS = (); }; };
		D8EA6BF91BDDF37900CCA20C /* main.m in Sources */ = {isa = PBXBuildFile; fileRef = D8EA6BF81BDDF37900CCA20C /* main.m */; };
		D8EA6BFC1BDDF37900CCA20C /* AppDelegate.m in Sources */ = {isa = PBXBuildFile; fileRef = D8EA6BFB1BDDF37900CCA20C /* AppDelegate.m */; };
		D8EA6BFF1BDDF37900CCA20C /* ViewController.m in Sources */ = {isa = PBXBuildFile; fileRef = D8EA6BFE1BDDF37900CCA20C /* ViewController.m */; };
		D8EA6C021BDDF37900CCA20C /* Main.storyboard in Resources */ = {isa = PBXBuildFile; fileRef = D8EA6C001BDDF37900CCA20C /* Main.storyboard */; };
		D8EA6C041BDDF37900CCA20C /* Assets.xcassets in Resources */ = {isa = PBXBuildFile; fileRef = D8EA6C031BDDF37900CCA20C /* Assets.xcassets */; };
		D8EA6C071BDDF37900CCA20C /* LaunchScreen.storyboard in Resources */ = {isa = PBXBuildFile; fileRef = D8EA6C051BDDF37900CCA20C /* LaunchScreen.storyboard */; };
		D8EA6C121BDDF37900CCA20C /* AskMeTests.m in Sources */ = {isa = PBXBuildFile; fileRef = D8EA6C111BDDF37900CCA20C /* AskMeTests.m */; };
		D8EA6C1F1BDDF92B00CCA20C /* f_one.json in Resources */ = {isa = PBXBuildFile; fileRef = D8EA6C1D1BDDF92B00CCA20C /* f_one.json */; settings = {ASSET_TAGS = (); }; };
		D8EA6C201BDDF92B00CCA20C /* f_two.json in Resources */ = {isa = PBXBuildFile; fileRef = D8EA6C1E1BDDF92B00CCA20C /* f_two.json */; settings = {ASSET_TAGS = (); }; };
		D8EA6C261BDDFA4200CCA20C /* JsonParser.m in Sources */ = {isa = PBXBuildFile; fileRef = D8EA6C251BDDFA4200CCA20C /* JsonParser.m */; settings = {ASSET_TAGS = (); }; };
		D8EA6C2A1BDDFE0600CCA20C /* GroupItem.m in Sources */ = {isa = PBXBuildFile; fileRef = D8EA6C291BDDFE0600CCA20C /* GroupItem.m */; settings = {ASSET_TAGS = (); }; };
		D8EA6C2D1BDDFE1F00CCA20C /* Item.m in Sources */ = {isa = PBXBuildFile; fileRef = D8EA6C2C1BDDFE1F00CCA20C /* Item.m */; settings = {ASSET_TAGS = (); }; };
		D8F7D6E31BDE101D00F0657B /* MKAnnotationView+WebCache.m in Sources */ = {isa = PBXBuildFile; fileRef = D8F7D6C31BDE101D00F0657B /* MKAnnotationView+WebCache.m */; settings = {ASSET_TAGS = (); }; };
		D8F7D6E41BDE101D00F0657B /* NSData+ImageContentType.m in Sources */ = {isa = PBXBuildFile; fileRef = D8F7D6C51BDE101D00F0657B /* NSData+ImageContentType.m */; settings = {ASSET_TAGS = (); }; };
		D8F7D6E51BDE101D00F0657B /* SDImageCache.m in Sources */ = {isa = PBXBuildFile; fileRef = D8F7D6C71BDE101D00F0657B /* SDImageCache.m */; settings = {ASSET_TAGS = (); }; };
		D8F7D6E61BDE101D00F0657B /* SDWebImageCompat.m in Sources */ = {isa = PBXBuildFile; fileRef = D8F7D6C91BDE101D00F0657B /* SDWebImageCompat.m */; settings = {ASSET_TAGS = (); }; };
		D8F7D6E71BDE101D00F0657B /* SDWebImageDecoder.m in Sources */ = {isa = PBXBuildFile; fileRef = D8F7D6CB1BDE101D00F0657B /* SDWebImageDecoder.m */; settings = {ASSET_TAGS = (); }; };
		D8F7D6E81BDE101D00F0657B /* SDWebImageDownloader.m in Sources */ = {isa = PBXBuildFile; fileRef = D8F7D6CD1BDE101D00F0657B /* SDWebImageDownloader.m */; settings = {ASSET_TAGS = (); }; };
		D8F7D6E91BDE101D00F0657B /* SDWebImageDownloaderOperation.m in Sources */ = {isa = PBXBuildFile; fileRef = D8F7D6CF1BDE101D00F0657B /* SDWebImageDownloaderOperation.m */; settings = {ASSET_TAGS = (); }; };
		D8F7D6EA1BDE101D00F0657B /* SDWebImageManager.m in Sources */ = {isa = PBXBuildFile; fileRef = D8F7D6D11BDE101D00F0657B /* SDWebImageManager.m */; settings = {ASSET_TAGS = (); }; };
		D8F7D6EB1BDE101D00F0657B /* SDWebImagePrefetcher.m in Sources */ = {isa = PBXBuildFile; fileRef = D8F7D6D41BDE101D00F0657B /* SDWebImagePrefetcher.m */; settings = {ASSET_TAGS = (); }; };
		D8F7D6EC1BDE101D00F0657B /* UIButton+WebCache.m in Sources */ = {isa = PBXBuildFile; fileRef = D8F7D6D61BDE101D00F0657B /* UIButton+WebCache.m */; settings = {ASSET_TAGS = (); }; };
		D8F7D6ED1BDE101D00F0657B /* UIImage+GIF.m in Sources */ = {isa = PBXBuildFile; fileRef = D8F7D6D81BDE101D00F0657B /* UIImage+GIF.m */; settings = {ASSET_TAGS = (); }; };
		D8F7D6EE1BDE101D00F0657B /* UIImage+MultiFormat.m in Sources */ = {isa = PBXBuildFile; fileRef = D8F7D6DA1BDE101D00F0657B /* UIImage+MultiFormat.m */; settings = {ASSET_TAGS = (); }; };
		D8F7D6EF1BDE101D00F0657B /* UIImage+WebP.m in Sources */ = {isa = PBXBuildFile; fileRef = D8F7D6DC1BDE101D00F0657B /* UIImage+WebP.m */; settings = {ASSET_TAGS = (); }; };
		D8F7D6F01BDE101D00F0657B /* UIImageView+HighlightedWebCache.m in Sources */ = {isa = PBXBuildFile; fileRef = D8F7D6DE1BDE101D00F0657B /* UIImageView+HighlightedWebCache.m */; settings = {ASSET_TAGS = (); }; };
		D8F7D6F11BDE101D00F0657B /* UIImageView+WebCache.m in Sources */ = {isa = PBXBuildFile; fileRef = D8F7D6E01BDE101D00F0657B /* UIImageView+WebCache.m */; settings = {ASSET_TAGS = (); }; };
		D8F7D6F21BDE101D00F0657B /* UIView+WebCacheOperation.m in Sources */ = {isa = PBXBuildFile; fileRef = D8F7D6E21BDE101D00F0657B /* UIView+WebCacheOperation.m */; settings = {ASSET_TAGS = (); }; };
/* End PBXBuildFile section */

/* Begin PBXContainerItemProxy section */
		D8EA6C0E1BDDF37900CCA20C /* PBXContainerItemProxy */ = {
			isa = PBXContainerItemProxy;
			containerPortal = D8EA6BEC1BDDF37900CCA20C /* Project object */;
			proxyType = 1;
			remoteGlobalIDString = D8EA6BF31BDDF37900CCA20C;
			remoteInfo = AskMe;
		};
/* End PBXContainerItemProxy section */

/* Begin PBXFileReference section */
		D86987211BDE58A400D012F9 /* CustomCells.h */ = {isa = PBXFileReference; fileEncoding = 4; lastKnownFileType = sourcecode.c.h; name = CustomCells.h; path = AskMe/CustomCells.h; sourceTree = SOURCE_ROOT; };
		D86987221BDE58A400D012F9 /* CustomCells.m */ = {isa = PBXFileReference; fileEncoding = 4; lastKnownFileType = sourcecode.c.objc; name = CustomCells.m; path = AskMe/CustomCells.m; sourceTree = SOURCE_ROOT; };
		D8EA6BF41BDDF37900CCA20C /* AskMe.app */ = {isa = PBXFileReference; explicitFileType = wrapper.application; includeInIndex = 0; path = AskMe.app; sourceTree = BUILT_PRODUCTS_DIR; };
		D8EA6BF81BDDF37900CCA20C /* main.m */ = {isa = PBXFileReference; lastKnownFileType = sourcecode.c.objc; path = main.m; sourceTree = "<group>"; };
		D8EA6BFA1BDDF37900CCA20C /* AppDelegate.h */ = {isa = PBXFileReference; lastKnownFileType = sourcecode.c.h; path = AppDelegate.h; sourceTree = "<group>"; };
		D8EA6BFB1BDDF37900CCA20C /* AppDelegate.m */ = {isa = PBXFileReference; lastKnownFileType = sourcecode.c.objc; path = AppDelegate.m; sourceTree = "<group>"; };
		D8EA6BFD1BDDF37900CCA20C /* ViewController.h */ = {isa = PBXFileReference; lastKnownFileType = sourcecode.c.h; path = ViewController.h; sourceTree = "<group>"; };
		D8EA6BFE1BDDF37900CCA20C /* ViewController.m */ = {isa = PBXFileReference; lastKnownFileType = sourcecode.c.objc; path = ViewController.m; sourceTree = "<group>"; };
		D8EA6C011BDDF37900CCA20C /* Base */ = {isa = PBXFileReference; lastKnownFileType = file.storyboard; name = Base; path = Base.lproj/Main.storyboard; sourceTree = "<group>"; };
		D8EA6C031BDDF37900CCA20C /* Assets.xcassets */ = {isa = PBXFileReference; lastKnownFileType = folder.assetcatalog; path = Assets.xcassets; sourceTree = "<group>"; };
		D8EA6C061BDDF37900CCA20C /* Base */ = {isa = PBXFileReference; lastKnownFileType = file.storyboard; name = Base; path = Base.lproj/LaunchScreen.storyboard; sourceTree = "<group>"; };
		D8EA6C081BDDF37900CCA20C /* Info.plist */ = {isa = PBXFileReference; lastKnownFileType = text.plist.xml; path = Info.plist; sourceTree = "<group>"; };
		D8EA6C0D1BDDF37900CCA20C /* AskMeTests.xctest */ = {isa = PBXFileReference; explicitFileType = wrapper.cfbundle; includeInIndex = 0; path = AskMeTests.xctest; sourceTree = BUILT_PRODUCTS_DIR; };
		D8EA6C111BDDF37900CCA20C /* AskMeTests.m */ = {isa = PBXFileReference; lastKnownFileType = sourcecode.c.objc; path = AskMeTests.m; sourceTree = "<group>"; };
		D8EA6C131BDDF37900CCA20C /* Info.plist */ = {isa = PBXFileReference; lastKnownFileType = text.plist.xml; path = Info.plist; sourceTree = "<group>"; };
		D8EA6C1D1BDDF92B00CCA20C /* f_one.json */ = {isa = PBXFileReference; fileEncoding = 4; lastKnownFileType = text.json; path = f_one.json; sourceTree = "<group>"; };
		D8EA6C1E1BDDF92B00CCA20C /* f_two.json */ = {isa = PBXFileReference; fileEncoding = 4; lastKnownFileType = text.json; path = f_two.json; sourceTree = "<group>"; };
		D8EA6C241BDDFA4200CCA20C /* JsonParser.h */ = {isa = PBXFileReference; fileEncoding = 4; lastKnownFileType = sourcecode.c.h; path = JsonParser.h; sourceTree = "<group>"; };
		D8EA6C251BDDFA4200CCA20C /* JsonParser.m */ = {isa = PBXFileReference; fileEncoding = 4; lastKnownFileType = sourcecode.c.objc; path = JsonParser.m; sourceTree = "<group>"; };
		D8EA6C281BDDFE0600CCA20C /* GroupItem.h */ = {isa = PBXFileReference; fileEncoding = 4; lastKnownFileType = sourcecode.c.h; path = GroupItem.h; sourceTree = "<group>"; };
		D8EA6C291BDDFE0600CCA20C /* GroupItem.m */ = {isa = PBXFileReference; fileEncoding = 4; lastKnownFileType = sourcecode.c.objc; path = GroupItem.m; sourceTree = "<group>"; };
		D8EA6C2B1BDDFE1F00CCA20C /* Item.h */ = {isa = PBXFileReference; fileEncoding = 4; lastKnownFileType = sourcecode.c.h; path = Item.h; sourceTree = "<group>"; };
		D8EA6C2C1BDDFE1F00CCA20C /* Item.m */ = {isa = PBXFileReference; fileEncoding = 4; lastKnownFileType = sourcecode.c.objc; path = Item.m; sourceTree = "<group>"; };
		D8F7D6C21BDE101D00F0657B /* MKAnnotationView+WebCache.h */ = {isa = PBXFileReference; fileEncoding = 4; lastKnownFileType = sourcecode.c.h; path = "MKAnnotationView+WebCache.h"; sourceTree = "<group>"; };
		D8F7D6C31BDE101D00F0657B /* MKAnnotationView+WebCache.m */ = {isa = PBXFileReference; fileEncoding = 4; lastKnownFileType = sourcecode.c.objc; path = "MKAnnotationView+WebCache.m"; sourceTree = "<group>"; };
		D8F7D6C41BDE101D00F0657B /* NSData+ImageContentType.h */ = {isa = PBXFileReference; fileEncoding = 4; lastKnownFileType = sourcecode.c.h; path = "NSData+ImageContentType.h"; sourceTree = "<group>"; };
		D8F7D6C51BDE101D00F0657B /* NSData+ImageContentType.m */ = {isa = PBXFileReference; fileEncoding = 4; lastKnownFileType = sourcecode.c.objc; path = "NSData+ImageContentType.m"; sourceTree = "<group>"; };
		D8F7D6C61BDE101D00F0657B /* SDImageCache.h */ = {isa = PBXFileReference; fileEncoding = 4; lastKnownFileType = sourcecode.c.h; path = SDImageCache.h; sourceTree = "<group>"; };
		D8F7D6C71BDE101D00F0657B /* SDImageCache.m */ = {isa = PBXFileReference; fileEncoding = 4; lastKnownFileType = sourcecode.c.objc; path = SDImageCache.m; sourceTree = "<group>"; };
		D8F7D6C81BDE101D00F0657B /* SDWebImageCompat.h */ = {isa = PBXFileReference; fileEncoding = 4; lastKnownFileType = sourcecode.c.h; path = SDWebImageCompat.h; sourceTree = "<group>"; };
		D8F7D6C91BDE101D00F0657B /* SDWebImageCompat.m */ = {isa = PBXFileReference; fileEncoding = 4; lastKnownFileType = sourcecode.c.objc; path = SDWebImageCompat.m; sourceTree = "<group>"; };
		D8F7D6CA1BDE101D00F0657B /* SDWebImageDecoder.h */ = {isa = PBXFileReference; fileEncoding = 4; lastKnownFileType = sourcecode.c.h; path = SDWebImageDecoder.h; sourceTree = "<group>"; };
		D8F7D6CB1BDE101D00F0657B /* SDWebImageDecoder.m */ = {isa = PBXFileReference; fileEncoding = 4; lastKnownFileType = sourcecode.c.objc; path = SDWebImageDecoder.m; sourceTree = "<group>"; };
		D8F7D6CC1BDE101D00F0657B /* SDWebImageDownloader.h */ = {isa = PBXFileReference; fileEncoding = 4; lastKnownFileType = sourcecode.c.h; path = SDWebImageDownloader.h; sourceTree = "<group>"; };
		D8F7D6CD1BDE101D00F0657B /* SDWebImageDownloader.m */ = {isa = PBXFileReference; fileEncoding = 4; lastKnownFileType = sourcecode.c.objc; path = SDWebImageDownloader.m; sourceTree = "<group>"; };
		D8F7D6CE1BDE101D00F0657B /* SDWebImageDownloaderOperation.h */ = {isa = PBXFileReference; fileEncoding = 4; lastKnownFileType = sourcecode.c.h; path = SDWebImageDownloaderOperation.h; sourceTree = "<group>"; };
		D8F7D6CF1BDE101D00F0657B /* SDWebImageDownloaderOperation.m */ = {isa = PBXFileReference; fileEncoding = 4; lastKnownFileType = sourcecode.c.objc; path = SDWebImageDownloaderOperation.m; sourceTree = "<group>"; };
		D8F7D6D01BDE101D00F0657B /* SDWebImageManager.h */ = {isa = PBXFileReference; fileEncoding = 4; lastKnownFileType = sourcecode.c.h; path = SDWebImageManager.h; sourceTree = "<group>"; };
		D8F7D6D11BDE101D00F0657B /* SDWebImageManager.m */ = {isa = PBXFileReference; fileEncoding = 4; lastKnownFileType = sourcecode.c.objc; path = SDWebImageManager.m; sourceTree = "<group>"; };
		D8F7D6D21BDE101D00F0657B /* SDWebImageOperation.h */ = {isa = PBXFileReference; fileEncoding = 4; lastKnownFileType = sourcecode.c.h; path = SDWebImageOperation.h; sourceTree = "<group>"; };
		D8F7D6D31BDE101D00F0657B /* SDWebImagePrefetcher.h */ = {isa = PBXFileReference; fileEncoding = 4; lastKnownFileType = sourcecode.c.h; path = SDWebImagePrefetcher.h; sourceTree = "<group>"; };
		D8F7D6D41BDE101D00F0657B /* SDWebImagePrefetcher.m */ = {isa = PBXFileReference; fileEncoding = 4; lastKnownFileType = sourcecode.c.objc; path = SDWebImagePrefetcher.m; sourceTree = "<group>"; };
		D8F7D6D51BDE101D00F0657B /* UIButton+WebCache.h */ = {isa = PBXFileReference; fileEncoding = 4; lastKnownFileType = sourcecode.c.h; path = "UIButton+WebCache.h"; sourceTree = "<group>"; };
		D8F7D6D61BDE101D00F0657B /* UIButton+WebCache.m */ = {isa = PBXFileReference; fileEncoding = 4; lastKnownFileType = sourcecode.c.objc; path = "UIButton+WebCache.m"; sourceTree = "<group>"; };
		D8F7D6D71BDE101D00F0657B /* UIImage+GIF.h */ = {isa = PBXFileReference; fileEncoding = 4; lastKnownFileType = sourcecode.c.h; path = "UIImage+GIF.h"; sourceTree = "<group>"; };
		D8F7D6D81BDE101D00F0657B /* UIImage+GIF.m */ = {isa = PBXFileReference; fileEncoding = 4; lastKnownFileType = sourcecode.c.objc; path = "UIImage+GIF.m"; sourceTree = "<group>"; };
		D8F7D6D91BDE101D00F0657B /* UIImage+MultiFormat.h */ = {isa = PBXFileReference; fileEncoding = 4; lastKnownFileType = sourcecode.c.h; path = "UIImage+MultiFormat.h"; sourceTree = "<group>"; };
		D8F7D6DA1BDE101D00F0657B /* UIImage+MultiFormat.m */ = {isa = PBXFileReference; fileEncoding = 4; lastKnownFileType = sourcecode.c.objc; path = "UIImage+MultiFormat.m"; sourceTree = "<group>"; };
		D8F7D6DB1BDE101D00F0657B /* UIImage+WebP.h */ = {isa = PBXFileReference; fileEncoding = 4; lastKnownFileType = sourcecode.c.h; path = "UIImage+WebP.h"; sourceTree = "<group>"; };
		D8F7D6DC1BDE101D00F0657B /* UIImage+WebP.m */ = {isa = PBXFileReference; fileEncoding = 4; lastKnownFileType = sourcecode.c.objc; path = "UIImage+WebP.m"; sourceTree = "<group>"; };
		D8F7D6DD1BDE101D00F0657B /* UIImageView+HighlightedWebCache.h */ = {isa = PBXFileReference; fileEncoding = 4; lastKnownFileType = sourcecode.c.h; path = "UIImageView+HighlightedWebCache.h"; sourceTree = "<group>"; };
		D8F7D6DE1BDE101D00F0657B /* UIImageView+HighlightedWebCache.m */ = {isa = PBXFileReference; fileEncoding = 4; lastKnownFileType = sourcecode.c.objc; path = "UIImageView+HighlightedWebCache.m"; sourceTree = "<group>"; };
		D8F7D6DF1BDE101D00F0657B /* UIImageView+WebCache.h */ = {isa = PBXFileReference; fileEncoding = 4; lastKnownFileType = sourcecode.c.h; path = "UIImageView+WebCache.h"; sourceTree = "<group>"; };
		D8F7D6E01BDE101D00F0657B /* UIImageView+WebCache.m */ = {isa = PBXFileReference; fileEncoding = 4; lastKnownFileType = sourcecode.c.objc; path = "UIImageView+WebCache.m"; sourceTree = "<group>"; };
		D8F7D6E11BDE101D00F0657B /* UIView+WebCacheOperation.h */ = {isa = PBXFileReference; fileEncoding = 4; lastKnownFileType = sourcecode.c.h; path = "UIView+WebCacheOperation.h"; sourceTree = "<group>"; };
		D8F7D6E21BDE101D00F0657B /* UIView+WebCacheOperation.m */ = {isa = PBXFileReference; fileEncoding = 4; lastKnownFileType = sourcecode.c.objc; path = "UIView+WebCacheOperation.m"; sourceTree = "<group>"; };
/* End PBXFileReference section */

/* Begin PBXFrameworksBuildPhase section */
		D8EA6BF11BDDF37900CCA20C /* Frameworks */ = {
			isa = PBXFrameworksBuildPhase;
			buildActionMask = 2147483647;
			files = (
			);
			runOnlyForDeploymentPostprocessing = 0;
		};
		D8EA6C0A1BDDF37900CCA20C /* Frameworks */ = {
			isa = PBXFrameworksBuildPhase;
			buildActionMask = 2147483647;
			files = (
			);
			runOnlyForDeploymentPostprocessing = 0;
		};
/* End PBXFrameworksBuildPhase section */

/* Begin PBXGroup section */
		D8EA6BEB1BDDF37900CCA20C = {
			isa = PBXGroup;
			children = (
				D8EA6BF61BDDF37900CCA20C /* AskMe */,
				D8EA6C101BDDF37900CCA20C /* AskMeTests */,
				D8EA6BF51BDDF37900CCA20C /* Products */,
			);
			sourceTree = "<group>";
		};
		D8EA6BF51BDDF37900CCA20C /* Products */ = {
			isa = PBXGroup;
			children = (
				D8EA6BF41BDDF37900CCA20C /* AskMe.app */,
				D8EA6C0D1BDDF37900CCA20C /* AskMeTests.xctest */,
			);
			name = Products;
			sourceTree = "<group>";
		};
		D8EA6BF61BDDF37900CCA20C /* AskMe */ = {
			isa = PBXGroup;
			children = (
				D8EA6C271BDDFDD000CCA20C /* Models */,
				D8EA6C221BDDFA2E00CCA20C /* Common */,
				D8EA6C1C1BDDF92B00CCA20C /* Json */,
				D8EA6BFA1BDDF37900CCA20C /* AppDelegate.h */,
				D8EA6BFB1BDDF37900CCA20C /* AppDelegate.m */,
				D86987211BDE58A400D012F9 /* CustomCells.h */,
				D86987221BDE58A400D012F9 /* CustomCells.m */,
				D8EA6BFD1BDDF37900CCA20C /* ViewController.h */,
				D8EA6BFE1BDDF37900CCA20C /* ViewController.m */,
				D8EA6C001BDDF37900CCA20C /* Main.storyboard */,
				D8EA6C031BDDF37900CCA20C /* Assets.xcassets */,
				D8EA6C051BDDF37900CCA20C /* LaunchScreen.storyboard */,
				D8EA6C081BDDF37900CCA20C /* Info.plist */,
				D8EA6BF71BDDF37900CCA20C /* Supporting Files */,
			);
			path = AskMe;
			sourceTree = "<group>";
		};
		D8EA6BF71BDDF37900CCA20C /* Supporting Files */ = {
			isa = PBXGroup;
			children = (
				D8EA6BF81BDDF37900CCA20C /* main.m */,
			);
			name = "Supporting Files";
			sourceTree = "<group>";
		};
		D8EA6C101BDDF37900CCA20C /* AskMeTests */ = {
			isa = PBXGroup;
			children = (
				D8EA6C111BDDF37900CCA20C /* AskMeTests.m */,
				D8EA6C131BDDF37900CCA20C /* Info.plist */,
			);
			path = AskMeTests;
			sourceTree = "<group>";
		};
		D8EA6C1C1BDDF92B00CCA20C /* Json */ = {
			isa = PBXGroup;
			children = (
				D8EA6C1D1BDDF92B00CCA20C /* f_one.json */,
				D8EA6C1E1BDDF92B00CCA20C /* f_two.json */,
			);
			path = Json;
			sourceTree = "<group>";
		};
		D8EA6C221BDDFA2E00CCA20C /* Common */ = {
			isa = PBXGroup;
			children = (
				D8F7D6C11BDE101D00F0657B /* SDWebImage */,
				D8EA6C231BDDFA2E00CCA20C /* JSON Parser */,
			);
			path = Common;
			sourceTree = "<group>";
		};
		D8EA6C231BDDFA2E00CCA20C /* JSON Parser */ = {
			isa = PBXGroup;
			children = (
				D8EA6C241BDDFA4200CCA20C /* JsonParser.h */,
				D8EA6C251BDDFA4200CCA20C /* JsonParser.m */,
			);
			path = "JSON Parser";
			sourceTree = "<group>";
		};
		D8EA6C271BDDFDD000CCA20C /* Models */ = {
			isa = PBXGroup;
			children = (
				D8EA6C281BDDFE0600CCA20C /* GroupItem.h */,
				D8EA6C291BDDFE0600CCA20C /* GroupItem.m */,
				D8EA6C2B1BDDFE1F00CCA20C /* Item.h */,
				D8EA6C2C1BDDFE1F00CCA20C /* Item.m */,
			);
			path = Models;
			sourceTree = "<group>";
		};
		D8F7D6C11BDE101D00F0657B /* SDWebImage */ = {
			isa = PBXGroup;
			children = (
				D8F7D6C21BDE101D00F0657B /* MKAnnotationView+WebCache.h */,
				D8F7D6C31BDE101D00F0657B /* MKAnnotationView+WebCache.m */,
				D8F7D6C41BDE101D00F0657B /* NSData+ImageContentType.h */,
				D8F7D6C51BDE101D00F0657B /* NSData+ImageContentType.m */,
				D8F7D6C61BDE101D00F0657B /* SDImageCache.h */,
				D8F7D6C71BDE101D00F0657B /* SDImageCache.m */,
				D8F7D6C81BDE101D00F0657B /* SDWebImageCompat.h */,
				D8F7D6C91BDE101D00F0657B /* SDWebImageCompat.m */,
				D8F7D6CA1BDE101D00F0657B /* SDWebImageDecoder.h */,
				D8F7D6CB1BDE101D00F0657B /* SDWebImageDecoder.m */,
				D8F7D6CC1BDE101D00F0657B /* SDWebImageDownloader.h */,
				D8F7D6CD1BDE101D00F0657B /* SDWebImageDownloader.m */,
				D8F7D6CE1BDE101D00F0657B /* SDWebImageDownloaderOperation.h */,
				D8F7D6CF1BDE101D00F0657B /* SDWebImageDownloaderOperation.m */,
				D8F7D6D01BDE101D00F0657B /* SDWebImageManager.h */,
				D8F7D6D11BDE101D00F0657B /* SDWebImageManager.m */,
				D8F7D6D21BDE101D00F0657B /* SDWebImageOperation.h */,
				D8F7D6D31BDE101D00F0657B /* SDWebImagePrefetcher.h */,
				D8F7D6D41BDE101D00F0657B /* SDWebImagePrefetcher.m */,
				D8F7D6D51BDE101D00F0657B /* UIButton+WebCache.h */,
				D8F7D6D61BDE101D00F0657B /* UIButton+WebCache.m */,
				D8F7D6D71BDE101D00F0657B /* UIImage+GIF.h */,
				D8F7D6D81BDE101D00F0657B /* UIImage+GIF.m */,
				D8F7D6D91BDE101D00F0657B /* UIImage+MultiFormat.h */,
				D8F7D6DA1BDE101D00F0657B /* UIImage+MultiFormat.m */,
				D8F7D6DB1BDE101D00F0657B /* UIImage+WebP.h */,
				D8F7D6DC1BDE101D00F0657B /* UIImage+WebP.m */,
				D8F7D6DD1BDE101D00F0657B /* UIImageView+HighlightedWebCache.h */,
				D8F7D6DE1BDE101D00F0657B /* UIImageView+HighlightedWebCache.m */,
				D8F7D6DF1BDE101D00F0657B /* UIImageView+WebCache.h */,
				D8F7D6E01BDE101D00F0657B /* UIImageView+WebCache.m */,
				D8F7D6E11BDE101D00F0657B /* UIView+WebCacheOperation.h */,
				D8F7D6E21BDE101D00F0657B /* UIView+WebCacheOperation.m */,
			);
			path = SDWebImage;
			sourceTree = "<group>";
		};
/* End PBXGroup section */

/* Begin PBXNativeTarget section */
		D8EA6BF31BDDF37900CCA20C /* AskMe */ = {
			isa = PBXNativeTarget;
			buildConfigurationList = D8EA6C161BDDF37900CCA20C /* Build configuration list for PBXNativeTarget "AskMe" */;
			buildPhases = (
				D8EA6BF01BDDF37900CCA20C /* Sources */,
				D8EA6BF11BDDF37900CCA20C /* Frameworks */,
				D8EA6BF21BDDF37900CCA20C /* Resources */,
			);
			buildRules = (
			);
			dependencies = (
			);
			name = AskMe;
			productName = AskMe;
			productReference = D8EA6BF41BDDF37900CCA20C /* AskMe.app */;
			productType = "com.apple.product-type.application";
		};
		D8EA6C0C1BDDF37900CCA20C /* AskMeTests */ = {
			isa = PBXNativeTarget;
			buildConfigurationList = D8EA6C191BDDF37900CCA20C /* Build configuration list for PBXNativeTarget "AskMeTests" */;
			buildPhases = (
				D8EA6C091BDDF37900CCA20C /* Sources */,
				D8EA6C0A1BDDF37900CCA20C /* Frameworks */,
				D8EA6C0B1BDDF37900CCA20C /* Resources */,
			);
			buildRules = (
			);
			dependencies = (
				D8EA6C0F1BDDF37900CCA20C /* PBXTargetDependency */,
			);
			name = AskMeTests;
			productName = AskMeTests;
			productReference = D8EA6C0D1BDDF37900CCA20C /* AskMeTests.xctest */;
			productType = "com.apple.product-type.bundle.unit-test";
		};
/* End PBXNativeTarget section */

/* Begin PBXProject section */
		D8EA6BEC1BDDF37900CCA20C /* Project object */ = {
			isa = PBXProject;
			attributes = {
				LastUpgradeCheck = 0700;
				ORGANIZATIONNAME = "ios dev";
				TargetAttributes = {
					D8EA6BF31BDDF37900CCA20C = {
						CreatedOnToolsVersion = 7.0.1;
					};
					D8EA6C0C1BDDF37900CCA20C = {
						CreatedOnToolsVersion = 7.0.1;
						TestTargetID = D8EA6BF31BDDF37900CCA20C;
					};
				};
			};
			buildConfigurationList = D8EA6BEF1BDDF37900CCA20C /* Build configuration list for PBXProject "AskMe" */;
			compatibilityVersion = "Xcode 3.2";
			developmentRegion = English;
			hasScannedForEncodings = 0;
			knownRegions = (
				en,
				Base,
			);
			mainGroup = D8EA6BEB1BDDF37900CCA20C;
			productRefGroup = D8EA6BF51BDDF37900CCA20C /* Products */;
			projectDirPath = "";
			projectRoot = "";
			targets = (
				D8EA6BF31BDDF37900CCA20C /* AskMe */,
				D8EA6C0C1BDDF37900CCA20C /* AskMeTests */,
			);
		};
/* End PBXProject section */

/* Begin PBXResourcesBuildPhase section */
		D8EA6BF21BDDF37900CCA20C /* Resources */ = {
			isa = PBXResourcesBuildPhase;
			buildActionMask = 2147483647;
			files = (
				D8EA6C201BDDF92B00CCA20C /* f_two.json in Resources */,
				D8EA6C071BDDF37900CCA20C /* LaunchScreen.storyboard in Resources */,
				D8EA6C1F1BDDF92B00CCA20C /* f_one.json in Resources */,
				D8EA6C041BDDF37900CCA20C /* Assets.xcassets in Resources */,
				D8EA6C021BDDF37900CCA20C /* Main.storyboard in Resources */,
			);
			runOnlyForDeploymentPostprocessing = 0;
		};
		D8EA6C0B1BDDF37900CCA20C /* Resources */ = {
			isa = PBXResourcesBuildPhase;
			buildActionMask = 2147483647;
			files = (
			);
			runOnlyForDeploymentPostprocessing = 0;
		};
/* End PBXResourcesBuildPhase section */

/* Begin PBXSourcesBuildPhase section */
		D8EA6BF01BDDF37900CCA20C /* Sources */ = {
			isa = PBXSourcesBuildPhase;
			buildActionMask = 2147483647;
			files = (
				D8EA6C2D1BDDFE1F00CCA20C /* Item.m in Sources */,
				D8F7D6EA1BDE101D00F0657B /* SDWebImageManager.m in Sources */,
				D8F7D6E51BDE101D00F0657B /* SDImageCache.m in Sources */,
				D8F7D6E91BDE101D00F0657B /* SDWebImageDownloaderOperation.m in Sources */,
				D8F7D6F21BDE101D00F0657B /* UIView+WebCacheOperation.m in Sources */,
				D8EA6C2A1BDDFE0600CCA20C /* GroupItem.m in Sources */,
				D8F7D6EC1BDE101D00F0657B /* UIButton+WebCache.m in Sources */,
				D8F7D6E41BDE101D00F0657B /* NSData+ImageContentType.m in Sources */,
				D8F7D6EB1BDE101D00F0657B /* SDWebImagePrefetcher.m in Sources */,
				D8F7D6E81BDE101D00F0657B /* SDWebImageDownloader.m in Sources */,
				D8EA6BFF1BDDF37900CCA20C /* ViewController.m in Sources */,
				D8F7D6EF1BDE101D00F0657B /* UIImage+WebP.m in Sources */,
				D8F7D6F11BDE101D00F0657B /* UIImageView+WebCache.m in Sources */,
				D8F7D6E71BDE101D00F0657B /* SDWebImageDecoder.m in Sources */,
				D8EA6BFC1BDDF37900CCA20C /* AppDelegate.m in Sources */,
				D8F7D6E31BDE101D00F0657B /* MKAnnotationView+WebCache.m in Sources */,
				D86987231BDE58A400D012F9 /* CustomCells.m in Sources */,
				D8F7D6E61BDE101D00F0657B /* SDWebImageCompat.m in Sources */,
				D8EA6C261BDDFA4200CCA20C /* JsonParser.m in Sources */,
				D8EA6BF91BDDF37900CCA20C /* main.m in Sources */,
				D8F7D6EE1BDE101D00F0657B /* UIImage+MultiFormat.m in Sources */,
				D8F7D6F01BDE101D00F0657B /* UIImageView+HighlightedWebCache.m in Sources */,
				D8F7D6ED1BDE101D00F0657B /* UIImage+GIF.m in Sources */,
			);
			runOnlyForDeploymentPostprocessing = 0;
		};
		D8EA6C091BDDF37900CCA20C /* Sources */ = {
			isa = PBXSourcesBuildPhase;
			buildActionMask = 2147483647;
			files = (
				D8EA6C121BDDF37900CCA20C /* AskMeTests.m in Sources */,
			);
			runOnlyForDeploymentPostprocessing = 0;
		};
/* End PBXSourcesBuildPhase section */

/* Begin PBXTargetDependency section */
		D8EA6C0F1BDDF37900CCA20C /* PBXTargetDependency */ = {
			isa = PBXTargetDependency;
			target = D8EA6BF31BDDF37900CCA20C /* AskMe */;
			targetProxy = D8EA6C0E1BDDF37900CCA20C /* PBXContainerItemProxy */;
		};
/* End PBXTargetDependency section */

/* Begin PBXVariantGroup section */
		D8EA6C001BDDF37900CCA20C /* Main.storyboard */ = {
			isa = PBXVariantGroup;
			children = (
				D8EA6C011BDDF37900CCA20C /* Base */,
			);
			name = Main.storyboard;
			sourceTree = "<group>";
		};
		D8EA6C051BDDF37900CCA20C /* LaunchScreen.storyboard */ = {
			isa = PBXVariantGroup;
			children = (
				D8EA6C061BDDF37900CCA20C /* Base */,
			);
			name = LaunchScreen.storyboard;
			sourceTree = "<group>";
		};
/* End PBXVariantGroup section */

/* Begin XCBuildConfiguration section */
		D8EA6C141BDDF37900CCA20C /* Debug */ = {
			isa = XCBuildConfiguration;
			buildSettings = {
				ALWAYS_SEARCH_USER_PATHS = NO;
				CLANG_CXX_LANGUAGE_STANDARD = "gnu++0x";
				CLANG_CXX_LIBRARY = "libc++";
				CLANG_ENABLE_MODULES = YES;
				CLANG_ENABLE_OBJC_ARC = YES;
				CLANG_WARN_BOOL_CONVERSION = YES;
				CLANG_WARN_CONSTANT_CONVERSION = YES;
				CLANG_WARN_DIRECT_OBJC_ISA_USAGE = YES_ERROR;
				CLANG_WARN_EMPTY_BODY = YES;
				CLANG_WARN_ENUM_CONVERSION = YES;
				CLANG_WARN_INT_CONVERSION = YES;
				CLANG_WARN_OBJC_ROOT_CLASS = YES_ERROR;
				CLANG_WARN_UNREACHABLE_CODE = YES;
				CLANG_WARN__DUPLICATE_METHOD_MATCH = YES;
				"CODE_SIGN_IDENTITY[sdk=iphoneos*]" = "iPhone Developer";
				COPY_PHASE_STRIP = NO;
				DEBUG_INFORMATION_FORMAT = dwarf;
				ENABLE_STRICT_OBJC_MSGSEND = YES;
				ENABLE_TESTABILITY = YES;
				GCC_C_LANGUAGE_STANDARD = gnu99;
				GCC_DYNAMIC_NO_PIC = NO;
				GCC_NO_COMMON_BLOCKS = YES;
				GCC_OPTIMIZATION_LEVEL = 0;
				GCC_PREPROCESSOR_DEFINITIONS = (
					"DEBUG=1",
					"$(inherited)",
				);
				GCC_WARN_64_TO_32_BIT_CONVERSION = YES;
				GCC_WARN_ABOUT_RETURN_TYPE = YES_ERROR;
				GCC_WARN_UNDECLARED_SELECTOR = YES;
				GCC_WARN_UNINITIALIZED_AUTOS = YES_AGGRESSIVE;
				GCC_WARN_UNUSED_FUNCTION = YES;
				GCC_WARN_UNUSED_VARIABLE = YES;
				IPHONEOS_DEPLOYMENT_TARGET = 9.0;
				MTL_ENABLE_DEBUG_INFO = YES;
				ONLY_ACTIVE_ARCH = YES;
				SDKROOT = iphoneos;
			};
			name = Debug;
		};
		D8EA6C151BDDF37900CCA20C /* Release */ = {
			isa = XCBuildConfiguration;
			buildSettings = {
				ALWAYS_SEARCH_USER_PATHS = NO;
				CLANG_CXX_LANGUAGE_STANDARD = "gnu++0x";
				CLANG_CXX_LIBRARY = "libc++";
				CLANG_ENABLE_MODULES = YES;
				CLANG_ENABLE_OBJC_ARC = YES;
				CLANG_WARN_BOOL_CONVERSION = YES;
				CLANG_WARN_CONSTANT_CONVERSION = YES;
				CLANG_WARN_DIRECT_OBJC_ISA_USAGE = YES_ERROR;
				CLANG_WARN_EMPTY_BODY = YES;
				CLANG_WARN_ENUM_CONVERSION = YES;
				CLANG_WARN_INT_CONVERSION = YES;
				CLANG_WARN_OBJC_ROOT_CLASS = YES_ERROR;
				CLANG_WARN_UNREACHABLE_CODE = YES;
				CLANG_WARN__DUPLICATE_METHOD_MATCH = YES;
				"CODE_SIGN_IDENTITY[sdk=iphoneos*]" = "iPhone Developer";
				COPY_PHASE_STRIP = NO;
				DEBUG_INFORMATION_FORMAT = "dwarf-with-dsym";
				ENABLE_NS_ASSERTIONS = NO;
				ENABLE_STRICT_OBJC_MSGSEND = YES;
				GCC_C_LANGUAGE_STANDARD = gnu99;
				GCC_NO_COMMON_BLOCKS = YES;
				GCC_WARN_64_TO_32_BIT_CONVERSION = YES;
				GCC_WARN_ABOUT_RETURN_TYPE = YES_ERROR;
				GCC_WARN_UNDECLARED_SELECTOR = YES;
				GCC_WARN_UNINITIALIZED_AUTOS = YES_AGGRESSIVE;
				GCC_WARN_UNUSED_FUNCTION = YES;
				GCC_WARN_UNUSED_VARIABLE = YES;
				IPHONEOS_DEPLOYMENT_TARGET = 9.0;
				MTL_ENABLE_DEBUG_INFO = NO;
				SDKROOT = iphoneos;
				VALIDATE_PRODUCT = YES;
			};
			name = Release;
		};
		D8EA6C171BDDF37900CCA20C /* Debug */ = {
			isa = XCBuildConfiguration;
			buildSettings = {
				ASSETCATALOG_COMPILER_APPICON_NAME = AppIcon;
				INFOPLIST_FILE = AskMe/Info.plist;
				LD_RUNPATH_SEARCH_PATHS = "$(inherited) @executable_path/Frameworks";
				PRODUCT_BUNDLE_IDENTIFIER = com.AskMe;
				PRODUCT_NAME = "$(TARGET_NAME)";
			};
			name = Debug;
		};
		D8EA6C181BDDF37900CCA20C /* Release */ = {
			isa = XCBuildConfiguration;
			buildSettings = {
				ASSETCATALOG_COMPILER_APPICON_NAME = AppIcon;
				INFOPLIST_FILE = AskMe/Info.plist;
				LD_RUNPATH_SEARCH_PATHS = "$(inherited) @executable_path/Frameworks";
				PRODUCT_BUNDLE_IDENTIFIER = com.AskMe;
				PRODUCT_NAME = "$(TARGET_NAME)";
			};
			name = Release;
		};
		D8EA6C1A1BDDF37900CCA20C /* Debug */ = {
			isa = XCBuildConfiguration;
			buildSettings = {
				BUNDLE_LOADER = "$(TEST_HOST)";
				INFOPLIST_FILE = AskMeTests/Info.plist;
				LD_RUNPATH_SEARCH_PATHS = "$(inherited) @executable_path/Frameworks @loader_path/Frameworks";
				PRODUCT_BUNDLE_IDENTIFIER = com.AskMeTests;
				PRODUCT_NAME = "$(TARGET_NAME)";
				TEST_HOST = "$(BUILT_PRODUCTS_DIR)/AskMe.app/AskMe";
			};
			name = Debug;
		};
		D8EA6C1B1BDDF37900CCA20C /* Release */ = {
			isa = XCBuildConfiguration;
			buildSettings = {
				BUNDLE_LOADER = "$(TEST_HOST)";
				INFOPLIST_FILE = AskMeTests/Info.plist;
				LD_RUNPATH_SEARCH_PATHS = "$(inherited) @executable_path/Frameworks @loader_path/Frameworks";
				PRODUCT_BUNDLE_IDENTIFIER = com.AskMeTests;
				PRODUCT_NAME = "$(TARGET_NAME)";
				TEST_HOST = "$(BUILT_PRODUCTS_DIR)/AskMe.app/AskMe";
			};
			name = Release;
		};
/* End XCBuildConfiguration section */

/* Begin XCConfigurationList section */
		D8EA6BEF1BDDF37900CCA20C /* Build configuration list for PBXProject "AskMe" */ = {
			isa = XCConfigurationList;
			buildConfigurations = (
				D8EA6C141BDDF37900CCA20C /* Debug */,
				D8EA6C151BDDF37900CCA20C /* Release */,
			);
			defaultConfigurationIsVisible = 0;
			defaultConfigurationName = Release;
		};
		D8EA6C161BDDF37900CCA20C /* Build configuration list for PBXNativeTarget "AskMe" */ = {
			isa = XCConfigurationList;
			buildConfigurations = (
				D8EA6C171BDDF37900CCA20C /* Debug */,
				D8EA6C181BDDF37900CCA20C /* Release */,
			);
			defaultConfigurationIsVisible = 0;
			defaultConfigurationName = Release;
		};
		D8EA6C191BDDF37900CCA20C /* Build configuration list for PBXNativeTarget "AskMeTests" */ = {
			isa = XCConfigurationList;
			buildConfigurations = (
				D8EA6C1A1BDDF37900CCA20C /* Debug */,
				D8EA6C1B1BDDF37900CCA20C /* Release */,
			);
			defaultConfigurationIsVisible = 0;
			defaultConfigurationName = Release;
		};
/* End XCConfigurationList section */
	};
	rootObject = D8EA6BEC1BDDF37900CCA20C /* Project object */;
}
